
Microsoft Visual Studio Solution File, Format Version 12.00
# Visual Studio Version 17
VisualStudioVersion = 17.0.31903.59
MinimumVisualStudioVersion = 10.0.40219.1
Project("{FAE04EC0-301F-11D3-BF4B-00C04F79EFBC}") = "AGDPMS", "AGDPMS\AGDPMS.csproj", "{F229672D-CD00-47D4-812E-7F892EF5F03F}"
	ProjectSection(ProjectDependencies) = postProject
		{3220BEF9-AFA0-4596-9F5A-EC7E5667868E} = {3220BEF9-AFA0-4596-9F5A-EC7E5667868E}
	EndProjectSection
EndProject
Project("{FAE04EC0-301F-11D3-BF4B-00C04F79EFBC}") = "AGDPMS.Shared", "AGDPMS.Shared\AGDPMS.Shared.csproj", "{E7CE7BD6-ACBB-41C7-8E4E-E292A8A10A57}"
EndProject
Project("{FAE04EC0-301F-11D3-BF4B-00C04F79EFBC}") = "AGDPMS.Web", "AGDPMS.Web\AGDPMS.Web.csproj", "{3220BEF9-AFA0-4596-9F5A-EC7E5667868E}"
EndProject
Global
	GlobalSection(SolutionConfigurationPlatforms) = preSolution
		Debug|Any CPU = Debug|Any CPU
		Release|Any CPU = Release|Any CPU
	EndGlobalSection
	GlobalSection(ProjectConfigurationPlatforms) = postSolution
		{F229672D-CD00-47D4-812E-7F892EF5F03F}.Debug|Any CPU.ActiveCfg = Debug|Any CPU
		{F229672D-CD00-47D4-812E-7F892EF5F03F}.Debug|Any CPU.Build.0 = Debug|Any CPU
		{F229672D-CD00-47D4-812E-7F892EF5F03F}.Debug|Any CPU.Deploy.0 = Debug|Any CPU
		{F229672D-CD00-47D4-812E-7F892EF5F03F}.Release|Any CPU.ActiveCfg = Release|Any CPU
		{F229672D-CD00-47D4-812E-7F892EF5F03F}.Release|Any CPU.Build.0 = Release|Any CPU
		{E7CE7BD6-ACBB-41C7-8E4E-E292A8A10A57}.Debug|Any CPU.ActiveCfg = Debug|Any CPU
		{E7CE7BD6-ACBB-41C7-8E4E-E292A8A10A57}.Debug|Any CPU.Build.0 = Debug|Any CPU
		{E7CE7BD6-ACBB-41C7-8E4E-E292A8A10A57}.Release|Any CPU.ActiveCfg = Release|Any CPU
		{E7CE7BD6-ACBB-41C7-8E4E-E292A8A10A57}.Release|Any CPU.Build.0 = Release|Any CPU
		{3220BEF9-AFA0-4596-9F5A-EC7E5667868E}.Debug|Any CPU.ActiveCfg = Debug|Any CPU
		{3220BEF9-AFA0-4596-9F5A-EC7E5667868E}.Debug|Any CPU.Build.0 = Debug|Any CPU
		{3220BEF9-AFA0-4596-9F5A-EC7E5667868E}.Release|Any CPU.ActiveCfg = Release|Any CPU
		{3220BEF9-AFA0-4596-9F5A-EC7E5667868E}.Release|Any CPU.Build.0 = Release|Any CPU
	EndGlobalSection
	GlobalSection(SolutionProperties) = preSolution
		HideSolutionNode = FALSE
	EndGlobalSection
	GlobalSection(ExtensibilityGlobals) = postSolution
		SolutionGuid = {9EB745DC-3779-4D35-BEB6-0E1CD3AF255A}
	EndGlobalSection
EndGlobal
